
Microsoft Visual Studio Solution File, Format Version 12.00
# Visual Studio Version 16
VisualStudioVersion = 16.0.29123.88
MinimumVisualStudioVersion = 10.0.40219.1
Project("{FAE04EC0-301F-11D3-BF4B-00C04F79EFBC}") = "AdUserSettings.WebUI", "AdUserSettings.WebUI\AdUserSettings.WebUI.csproj", "{42A74A23-81D4-4A23-BC55-19260EF7972B}"
EndProject
Project("{FAE04EC0-301F-11D3-BF4B-00C04F79EFBC}") = "AdUserSettings.EntityFrameworkCore", "AdUserSettings.EntityFrameworkCore\AdUserSettings.EntityFrameworkCore.csproj", "{5520E3C9-DBF3-47B0-B000-C99BC1985B38}"
EndProject
Project("{FAE04EC0-301F-11D3-BF4B-00C04F79EFBC}") = "AdUserSettings.Entities", "AdUserSettings.Entities\AdUserSettings.Entities.csproj", "{D6D4CE7E-DB74-4C12-9BC7-DF1C6CAFD09D}"
EndProject
Project("{FAE04EC0-301F-11D3-BF4B-00C04F79EFBC}") = "AdUserSettings.DataAccess", "AdUserSettings.DataAccess\AdUserSettings.DataAccess.csproj", "{11D06D42-B438-4DF3-A5FD-5C0722A62625}"
EndProject
Project("{FAE04EC0-301F-11D3-BF4B-00C04F79EFBC}") = "AdUserSettings.Business", "AdUserSettings.Business\AdUserSettings.Business.csproj", "{DBCF16B3-2934-4AA6-B743-347957F4F235}"
EndProject
Global
	GlobalSection(SolutionConfigurationPlatforms) = preSolution
		Debug|Any CPU = Debug|Any CPU
		Release|Any CPU = Release|Any CPU
	EndGlobalSection
	GlobalSection(ProjectConfigurationPlatforms) = postSolution
		{42A74A23-81D4-4A23-BC55-19260EF7972B}.Debug|Any CPU.ActiveCfg = Debug|Any CPU
		{42A74A23-81D4-4A23-BC55-19260EF7972B}.Debug|Any CPU.Build.0 = Debug|Any CPU
		{42A74A23-81D4-4A23-BC55-19260EF7972B}.Release|Any CPU.ActiveCfg = Release|Any CPU
		{42A74A23-81D4-4A23-BC55-19260EF7972B}.Release|Any CPU.Build.0 = Release|Any CPU
		{5520E3C9-DBF3-47B0-B000-C99BC1985B38}.Debug|Any CPU.ActiveCfg = Debug|Any CPU
		{5520E3C9-DBF3-47B0-B000-C99BC1985B38}.Debug|Any CPU.Build.0 = Debug|Any CPU
		{5520E3C9-DBF3-47B0-B000-C99BC1985B38}.Release|Any CPU.ActiveCfg = Release|Any CPU
		{5520E3C9-DBF3-47B0-B000-C99BC1985B38}.Release|Any CPU.Build.0 = Release|Any CPU
		{D6D4CE7E-DB74-4C12-9BC7-DF1C6CAFD09D}.Debug|Any CPU.ActiveCfg = Debug|Any CPU
		{D6D4CE7E-DB74-4C12-9BC7-DF1C6CAFD09D}.Debug|Any CPU.Build.0 = Debug|Any CPU
		{D6D4CE7E-DB74-4C12-9BC7-DF1C6CAFD09D}.Release|Any CPU.ActiveCfg = Release|Any CPU
		{D6D4CE7E-DB74-4C12-9BC7-DF1C6CAFD09D}.Release|Any CPU.Build.0 = Release|Any CPU
		{11D06D42-B438-4DF3-A5FD-5C0722A62625}.Debug|Any CPU.ActiveCfg = Debug|Any CPU
		{11D06D42-B438-4DF3-A5FD-5C0722A62625}.Debug|Any CPU.Build.0 = Debug|Any CPU
		{11D06D42-B438-4DF3-A5FD-5C0722A62625}.Release|Any CPU.ActiveCfg = Release|Any CPU
		{11D06D42-B438-4DF3-A5FD-5C0722A62625}.Release|Any CPU.Build.0 = Release|Any CPU
		{DBCF16B3-2934-4AA6-B743-347957F4F235}.Debug|Any CPU.ActiveCfg = Debug|Any CPU
		{DBCF16B3-2934-4AA6-B743-347957F4F235}.Debug|Any CPU.Build.0 = Debug|Any CPU
		{DBCF16B3-2934-4AA6-B743-347957F4F235}.Release|Any CPU.ActiveCfg = Release|Any CPU
		{DBCF16B3-2934-4AA6-B743-347957F4F235}.Release|Any CPU.Build.0 = Release|Any CPU
	EndGlobalSection
	GlobalSection(SolutionProperties) = preSolution
		HideSolutionNode = FALSE
	EndGlobalSection
	GlobalSection(ExtensibilityGlobals) = postSolution
		SolutionGuid = {176B7E09-E19E-4A14-BA97-79517823882A}
	EndGlobalSection
EndGlobal
